
Microsoft Visual Studio Solution File, Format Version 12.00
# Visual Studio Version 17
VisualStudioVersion = 17.6.33801.468
MinimumVisualStudioVersion = 10.0.40219.1
Project("{2150E333-8FDC-42A3-9474-1A3956D46DE8}") = "Core", "Core", "{972DCDF5-86CD-492E-9872-FCCA6A6E10B6}"
EndProject
Project("{FAE04EC0-301F-11D3-BF4B-00C04F79EFBC}") = "Domain", "Domain\Domain.csproj", "{FE1E5FEF-349D-4268-BA72-D16FFE1C88D9}"
EndProject
Project("{FAE04EC0-301F-11D3-BF4B-00C04F79EFBC}") = "Application", "Application\Application.csproj", "{2DBBCFA0-15EA-41BB-9E16-F3245E0D0691}"
EndProject
Project("{FAE04EC0-301F-11D3-BF4B-00C04F79EFBC}") = "Infrastructure", "Infrastructure\Infrastructure.csproj", "{6C36F5DB-2F19-4823-86CE-32DCF1674F84}"
EndProject
Project("{FAE04EC0-301F-11D3-BF4B-00C04F79EFBC}") = "WEB API", "WEB API\WEB API.csproj", "{820B018B-072F-4A35-A828-303484F89D72}"
EndProject
Global
	GlobalSection(SolutionConfigurationPlatforms) = preSolution
		Debug|Any CPU = Debug|Any CPU
		Release|Any CPU = Release|Any CPU
	EndGlobalSection
	GlobalSection(ProjectConfigurationPlatforms) = postSolution
		{FE1E5FEF-349D-4268-BA72-D16FFE1C88D9}.Debug|Any CPU.ActiveCfg = Debug|Any CPU
		{FE1E5FEF-349D-4268-BA72-D16FFE1C88D9}.Debug|Any CPU.Build.0 = Debug|Any CPU
		{FE1E5FEF-349D-4268-BA72-D16FFE1C88D9}.Release|Any CPU.ActiveCfg = Release|Any CPU
		{FE1E5FEF-349D-4268-BA72-D16FFE1C88D9}.Release|Any CPU.Build.0 = Release|Any CPU
		{2DBBCFA0-15EA-41BB-9E16-F3245E0D0691}.Debug|Any CPU.ActiveCfg = Debug|Any CPU
		{2DBBCFA0-15EA-41BB-9E16-F3245E0D0691}.Debug|Any CPU.Build.0 = Debug|Any CPU
		{2DBBCFA0-15EA-41BB-9E16-F3245E0D0691}.Release|Any CPU.ActiveCfg = Release|Any CPU
		{2DBBCFA0-15EA-41BB-9E16-F3245E0D0691}.Release|Any CPU.Build.0 = Release|Any CPU
		{6C36F5DB-2F19-4823-86CE-32DCF1674F84}.Debug|Any CPU.ActiveCfg = Debug|Any CPU
		{6C36F5DB-2F19-4823-86CE-32DCF1674F84}.Debug|Any CPU.Build.0 = Debug|Any CPU
		{6C36F5DB-2F19-4823-86CE-32DCF1674F84}.Release|Any CPU.ActiveCfg = Release|Any CPU
		{6C36F5DB-2F19-4823-86CE-32DCF1674F84}.Release|Any CPU.Build.0 = Release|Any CPU
		{820B018B-072F-4A35-A828-303484F89D72}.Debug|Any CPU.ActiveCfg = Debug|Any CPU
		{820B018B-072F-4A35-A828-303484F89D72}.Debug|Any CPU.Build.0 = Debug|Any CPU
		{820B018B-072F-4A35-A828-303484F89D72}.Release|Any CPU.ActiveCfg = Release|Any CPU
		{820B018B-072F-4A35-A828-303484F89D72}.Release|Any CPU.Build.0 = Release|Any CPU
	EndGlobalSection
	GlobalSection(SolutionProperties) = preSolution
		HideSolutionNode = FALSE
	EndGlobalSection
	GlobalSection(NestedProjects) = preSolution
		{FE1E5FEF-349D-4268-BA72-D16FFE1C88D9} = {972DCDF5-86CD-492E-9872-FCCA6A6E10B6}
		{2DBBCFA0-15EA-41BB-9E16-F3245E0D0691} = {972DCDF5-86CD-492E-9872-FCCA6A6E10B6}
	EndGlobalSection
	GlobalSection(ExtensibilityGlobals) = postSolution
		SolutionGuid = {468D2419-2080-4293-9650-8EAE9A257406}
	EndGlobalSection
EndGlobal
